// !$*UTF8*$!
{
	archiveVersion = 1;
	classes = {
	};
	objectVersion = 55;
	objects = {

/* Begin PBXBuildFile section */
		61A7BD62285BB88000240D49 /* EventsApp.xcdatamodeld in Sources */ = {isa = PBXBuildFile; fileRef = 61A7BD60285BB88000240D49 /* EventsApp.xcdatamodeld */; };
		61A7BD64285BB91A00240D49 /* CoreDataMananer.swift in Sources */ = {isa = PBXBuildFile; fileRef = 61A7BD63285BB91A00240D49 /* CoreDataMananer.swift */; };
		61E3F5C42846F11E00A3E63E /* AppDelegate.swift in Sources */ = {isa = PBXBuildFile; fileRef = 61E3F5C32846F11E00A3E63E /* AppDelegate.swift */; };
		61E3F5C62846F11E00A3E63E /* SceneDelegate.swift in Sources */ = {isa = PBXBuildFile; fileRef = 61E3F5C52846F11E00A3E63E /* SceneDelegate.swift */; };
		61E3F5CB2846F11E00A3E63E /* Main.storyboard in Resources */ = {isa = PBXBuildFile; fileRef = 61E3F5C92846F11E00A3E63E /* Main.storyboard */; };
		61E3F5CD2846F12100A3E63E /* Assets.xcassets in Resources */ = {isa = PBXBuildFile; fileRef = 61E3F5CC2846F12100A3E63E /* Assets.xcassets */; };
		61E3F5D02846F12100A3E63E /* LaunchScreen.storyboard in Resources */ = {isa = PBXBuildFile; fileRef = 61E3F5CE2846F12100A3E63E /* LaunchScreen.storyboard */; };
		61E3F5D82846F1F100A3E63E /* AppCoordinator.swift in Sources */ = {isa = PBXBuildFile; fileRef = 61E3F5D72846F1F100A3E63E /* AppCoordinator.swift */; };
		61E3F5DA2846F67400A3E63E /* EventListCoordinator.swift in Sources */ = {isa = PBXBuildFile; fileRef = 61E3F5D92846F67400A3E63E /* EventListCoordinator.swift */; };
		61E3F5DC2846F6E000A3E63E /* EventListViewController.swift in Sources */ = {isa = PBXBuildFile; fileRef = 61E3F5DB2846F6E000A3E63E /* EventListViewController.swift */; };
		61E3F5DE2846FC1900A3E63E /* UIColor+Extention.swift in Sources */ = {isa = PBXBuildFile; fileRef = 61E3F5DD2846FC1900A3E63E /* UIColor+Extention.swift */; };
/* End PBXBuildFile section */

/* Begin PBXFileReference section */
		61A7BD61285BB88000240D49 /* EventsApp.xcdatamodel */ = {isa = PBXFileReference; lastKnownFileType = wrapper.xcdatamodel; path = EventsApp.xcdatamodel; sourceTree = "<group>"; };
		61A7BD63285BB91A00240D49 /* CoreDataMananer.swift */ = {isa = PBXFileReference; lastKnownFileType = sourcecode.swift; path = CoreDataMananer.swift; sourceTree = "<group>"; };
		61E3F5C02846F11E00A3E63E /* EventApp.app */ = {isa = PBXFileReference; explicitFileType = wrapper.application; includeInIndex = 0; path = EventApp.app; sourceTree = BUILT_PRODUCTS_DIR; };
		61E3F5C32846F11E00A3E63E /* AppDelegate.swift */ = {isa = PBXFileReference; lastKnownFileType = sourcecode.swift; path = AppDelegate.swift; sourceTree = "<group>"; };
		61E3F5C52846F11E00A3E63E /* SceneDelegate.swift */ = {isa = PBXFileReference; lastKnownFileType = sourcecode.swift; path = SceneDelegate.swift; sourceTree = "<group>"; };
		61E3F5CA2846F11E00A3E63E /* Base */ = {isa = PBXFileReference; lastKnownFileType = file.storyboard; name = Base; path = Base.lproj/Main.storyboard; sourceTree = "<group>"; };
		61E3F5CC2846F12100A3E63E /* Assets.xcassets */ = {isa = PBXFileReference; lastKnownFileType = folder.assetcatalog; path = Assets.xcassets; sourceTree = "<group>"; };
		61E3F5CF2846F12100A3E63E /* Base */ = {isa = PBXFileReference; lastKnownFileType = file.storyboard; name = Base; path = Base.lproj/LaunchScreen.storyboard; sourceTree = "<group>"; };
		61E3F5D12846F12100A3E63E /* Info.plist */ = {isa = PBXFileReference; lastKnownFileType = text.plist.xml; path = Info.plist; sourceTree = "<group>"; };
		61E3F5D72846F1F100A3E63E /* AppCoordinator.swift */ = {isa = PBXFileReference; lastKnownFileType = sourcecode.swift; path = AppCoordinator.swift; sourceTree = "<group>"; };
		61E3F5D92846F67400A3E63E /* EventListCoordinator.swift */ = {isa = PBXFileReference; lastKnownFileType = sourcecode.swift; path = EventListCoordinator.swift; sourceTree = "<group>"; };
		61E3F5DB2846F6E000A3E63E /* EventListViewController.swift */ = {isa = PBXFileReference; lastKnownFileType = sourcecode.swift; path = EventListViewController.swift; sourceTree = "<group>"; };
		61E3F5DD2846FC1900A3E63E /* UIColor+Extention.swift */ = {isa = PBXFileReference; lastKnownFileType = sourcecode.swift; path = "UIColor+Extention.swift"; sourceTree = "<group>"; };
/* End PBXFileReference section */

/* Begin PBXFrameworksBuildPhase section */
		61E3F5BD2846F11E00A3E63E /* Frameworks */ = {
			isa = PBXFrameworksBuildPhase;
			buildActionMask = 2147483647;
			files = (
			);
			runOnlyForDeploymentPostprocessing = 0;
		};
/* End PBXFrameworksBuildPhase section */

/* Begin PBXGroup section */
		61E3F5B72846F11E00A3E63E = {
			isa = PBXGroup;
			children = (
				61E3F5C22846F11E00A3E63E /* EventApp */,
				61E3F5C12846F11E00A3E63E /* Products */,
			);
			sourceTree = "<group>";
		};
		61E3F5C12846F11E00A3E63E /* Products */ = {
			isa = PBXGroup;
			children = (
				61E3F5C02846F11E00A3E63E /* EventApp.app */,
			);
			name = Products;
			sourceTree = "<group>";
		};
		61E3F5C22846F11E00A3E63E /* EventApp */ = {
			isa = PBXGroup;
			children = (
				61E3F5E32847095100A3E63E /* Controllers */,
				61E3F5E22847094800A3E63E /* Coordinators */,
				61E3F5E12847093F00A3E63E /* Extensions */,
				61E3F5DF2847091100A3E63E /* Models */,
				61E3F5C32846F11E00A3E63E /* AppDelegate.swift */,
				61E3F5C52846F11E00A3E63E /* SceneDelegate.swift */,
				61E3F5C92846F11E00A3E63E /* Main.storyboard */,
				61E3F5CC2846F12100A3E63E /* Assets.xcassets */,
				61E3F5CE2846F12100A3E63E /* LaunchScreen.storyboard */,
				61E3F5D12846F12100A3E63E /* Info.plist */,
				61A7BD60285BB88000240D49 /* EventsApp.xcdatamodeld */,
				61A7BD63285BB91A00240D49 /* CoreDataMananer.swift */,
			);
			path = EventApp;
			sourceTree = "<group>";
		};
		61E3F5DF2847091100A3E63E /* Models */ = {
			isa = PBXGroup;
			children = (
			);
			path = Models;
			sourceTree = "<group>";
		};
		61E3F5E12847093F00A3E63E /* Extensions */ = {
			isa = PBXGroup;
			children = (
				61E3F5DD2846FC1900A3E63E /* UIColor+Extention.swift */,
			);
			path = Extensions;
			sourceTree = "<group>";
		};
		61E3F5E22847094800A3E63E /* Coordinators */ = {
			isa = PBXGroup;
			children = (
				61E3F5D92846F67400A3E63E /* EventListCoordinator.swift */,
				61E3F5D72846F1F100A3E63E /* AppCoordinator.swift */,
			);
			path = Coordinators;
			sourceTree = "<group>";
		};
		61E3F5E32847095100A3E63E /* Controllers */ = {
			isa = PBXGroup;
			children = (
				61E3F5DB2846F6E000A3E63E /* EventListViewController.swift */,
			);
			path = Controllers;
			sourceTree = "<group>";
		};
/* End PBXGroup section */

/* Begin PBXNativeTarget section */
		61E3F5BF2846F11E00A3E63E /* EventApp */ = {
			isa = PBXNativeTarget;
			buildConfigurationList = 61E3F5D42846F12100A3E63E /* Build configuration list for PBXNativeTarget "EventApp" */;
			buildPhases = (
				61E3F5BC2846F11E00A3E63E /* Sources */,
				61E3F5BD2846F11E00A3E63E /* Frameworks */,
				61E3F5BE2846F11E00A3E63E /* Resources */,
			);
			buildRules = (
			);
			dependencies = (
			);
			name = EventApp;
			productName = EventApp;
			productReference = 61E3F5C02846F11E00A3E63E /* EventApp.app */;
			productType = "com.apple.product-type.application";
		};
/* End PBXNativeTarget section */

/* Begin PBXProject section */
		61E3F5B82846F11E00A3E63E /* Project object */ = {
			isa = PBXProject;
			attributes = {
				BuildIndependentTargetsInParallel = 1;
				LastSwiftUpdateCheck = 1340;
				LastUpgradeCheck = 1340;
				TargetAttributes = {
					61E3F5BF2846F11E00A3E63E = {
						CreatedOnToolsVersion = 13.4;
					};
				};
			};
			buildConfigurationList = 61E3F5BB2846F11E00A3E63E /* Build configuration list for PBXProject "EventApp" */;
			compatibilityVersion = "Xcode 13.0";
			developmentRegion = en;
			hasScannedForEncodings = 0;
			knownRegions = (
				en,
				Base,
			);
			mainGroup = 61E3F5B72846F11E00A3E63E;
			productRefGroup = 61E3F5C12846F11E00A3E63E /* Products */;
			projectDirPath = "";
			projectRoot = "";
			targets = (
				61E3F5BF2846F11E00A3E63E /* EventApp */,
			);
		};
/* End PBXProject section */

/* Begin PBXResourcesBuildPhase section */
		61E3F5BE2846F11E00A3E63E /* Resources */ = {
			isa = PBXResourcesBuildPhase;
			buildActionMask = 2147483647;
			files = (
				61E3F5D02846F12100A3E63E /* LaunchScreen.storyboard in Resources */,
				61E3F5CD2846F12100A3E63E /* Assets.xcassets in Resources */,
				61E3F5CB2846F11E00A3E63E /* Main.storyboard in Resources */,
			);
			runOnlyForDeploymentPostprocessing = 0;
		};
/* End PBXResourcesBuildPhase section */

/* Begin PBXSourcesBuildPhase section */
		61E3F5BC2846F11E00A3E63E /* Sources */ = {
			isa = PBXSourcesBuildPhase;
			buildActionMask = 2147483647;
			files = (
				61E3F5D82846F1F100A3E63E /* AppCoordinator.swift in Sources */,
				61E3F5DC2846F6E000A3E63E /* EventListViewController.swift in Sources */,
				61E3F5C42846F11E00A3E63E /* AppDelegate.swift in Sources */,
				61E3F5C62846F11E00A3E63E /* SceneDelegate.swift in Sources */,
				61E3F5DA2846F67400A3E63E /* EventListCoordinator.swift in Sources */,
				61A7BD64285BB91A00240D49 /* CoreDataMananer.swift in Sources */,
				61E3F5DE2846FC1900A3E63E /* UIColor+Extention.swift in Sources */,
				61A7BD62285BB88000240D49 /* EventsApp.xcdatamodeld in Sources */,
			);
			runOnlyForDeploymentPostprocessing = 0;
		};
/* End PBXSourcesBuildPhase section */

/* Begin PBXVariantGroup section */
		61E3F5C92846F11E00A3E63E /* Main.storyboard */ = {
			isa = PBXVariantGroup;
			children = (
				61E3F5CA2846F11E00A3E63E /* Base */,
			);
			name = Main.storyboard;
			sourceTree = "<group>";
		};
		61E3F5CE2846F12100A3E63E /* LaunchScreen.storyboard */ = {
			isa = PBXVariantGroup;
			children = (
				61E3F5CF2846F12100A3E63E /* Base */,
			);
			name = LaunchScreen.storyboard;
			sourceTree = "<group>";
		};
/* End PBXVariantGroup section */

/* Begin XCBuildConfiguration section */
		61E3F5D22846F12100A3E63E /* Debug */ = {
			isa = XCBuildConfiguration;
			buildSettings = {
				ALWAYS_SEARCH_USER_PATHS = NO;
				CLANG_ANALYZER_NONNULL = YES;
				CLANG_ANALYZER_NUMBER_OBJECT_CONVERSION = YES_AGGRESSIVE;
				CLANG_CXX_LANGUAGE_STANDARD = "gnu++17";
				CLANG_ENABLE_MODULES = YES;
				CLANG_ENABLE_OBJC_ARC = YES;
				CLANG_ENABLE_OBJC_WEAK = YES;
				CLANG_WARN_BLOCK_CAPTURE_AUTORELEASING = YES;
				CLANG_WARN_BOOL_CONVERSION = YES;
				CLANG_WARN_COMMA = YES;
				CLANG_WARN_CONSTANT_CONVERSION = YES;
				CLANG_WARN_DEPRECATED_OBJC_IMPLEMENTATIONS = YES;
				CLANG_WARN_DIRECT_OBJC_ISA_USAGE = YES_ERROR;
				CLANG_WARN_DOCUMENTATION_COMMENTS = YES;
				CLANG_WARN_EMPTY_BODY = YES;
				CLANG_WARN_ENUM_CONVERSION = YES;
				CLANG_WARN_INFINITE_RECURSION = YES;
				CLANG_WARN_INT_CONVERSION = YES;
				CLANG_WARN_NON_LITERAL_NULL_CONVERSION = YES;
				CLANG_WARN_OBJC_IMPLICIT_RETAIN_SELF = YES;
				CLANG_WARN_OBJC_LITERAL_CONVERSION = YES;
				CLANG_WARN_OBJC_ROOT_CLASS = YES_ERROR;
				CLANG_WARN_QUOTED_INCLUDE_IN_FRAMEWORK_HEADER = YES;
				CLANG_WARN_RANGE_LOOP_ANALYSIS = YES;
				CLANG_WARN_STRICT_PROTOTYPES = YES;
				CLANG_WARN_SUSPICIOUS_MOVE = YES;
				CLANG_WARN_UNGUARDED_AVAILABILITY = YES_AGGRESSIVE;
				CLANG_WARN_UNREACHABLE_CODE = YES;
				CLANG_WARN__DUPLICATE_METHOD_MATCH = YES;
				COPY_PHASE_STRIP = NO;
				DEBUG_INFORMATION_FORMAT = dwarf;
				ENABLE_STRICT_OBJC_MSGSEND = YES;
				ENABLE_TESTABILITY = YES;
				GCC_C_LANGUAGE_STANDARD = gnu11;
				GCC_DYNAMIC_NO_PIC = NO;
				GCC_NO_COMMON_BLOCKS = YES;
				GCC_OPTIMIZATION_LEVEL = 0;
				GCC_PREPROCESSOR_DEFINITIONS = (
					"DEBUG=1",
					"$(inherited)",
				);
				GCC_WARN_64_TO_32_BIT_CONVERSION = YES;
				GCC_WARN_ABOUT_RETURN_TYPE = YES_ERROR;
				GCC_WARN_UNDECLARED_SELECTOR = YES;
				GCC_WARN_UNINITIALIZED_AUTOS = YES_AGGRESSIVE;
				GCC_WARN_UNUSED_FUNCTION = YES;
				GCC_WARN_UNUSED_VARIABLE = YES;
				IPHONEOS_DEPLOYMENT_TARGET = 15.5;
				MTL_ENABLE_DEBUG_INFO = INCLUDE_SOURCE;
				MTL_FAST_MATH = YES;
				ONLY_ACTIVE_ARCH = YES;
				SDKROOT = iphoneos;
				SWIFT_ACTIVE_COMPILATION_CONDITIONS = DEBUG;
				SWIFT_OPTIMIZATION_LEVEL = "-Onone";
			};
			name = Debug;
		};
		61E3F5D32846F12100A3E63E /* Release */ = {
			isa = XCBuildConfiguration;
			buildSettings = {
				ALWAYS_SEARCH_USER_PATHS = NO;
				CLANG_ANALYZER_NONNULL = YES;
				CLANG_ANALYZER_NUMBER_OBJECT_CONVERSION = YES_AGGRESSIVE;
				CLANG_CXX_LANGUAGE_STANDARD = "gnu++17";
				CLANG_ENABLE_MODULES = YES;
				CLANG_ENABLE_OBJC_ARC = YES;
				CLANG_ENABLE_OBJC_WEAK = YES;
				CLANG_WARN_BLOCK_CAPTURE_AUTORELEASING = YES;
				CLANG_WARN_BOOL_CONVERSION = YES;
				CLANG_WARN_COMMA = YES;
				CLANG_WARN_CONSTANT_CONVERSION = YES;
				CLANG_WARN_DEPRECATED_OBJC_IMPLEMENTATIONS = YES;
				CLANG_WARN_DIRECT_OBJC_ISA_USAGE = YES_ERROR;
				CLANG_WARN_DOCUMENTATION_COMMENTS = YES;
				CLANG_WARN_EMPTY_BODY = YES;
				CLANG_WARN_ENUM_CONVERSION = YES;
				CLANG_WARN_INFINITE_RECURSION = YES;
				CLANG_WARN_INT_CONVERSION = YES;
				CLANG_WARN_NON_LITERAL_NULL_CONVERSION = YES;
				CLANG_WARN_OBJC_IMPLICIT_RETAIN_SELF = YES;
				CLANG_WARN_OBJC_LITERAL_CONVERSION = YES;
				CLANG_WARN_OBJC_ROOT_CLASS = YES_ERROR;
				CLANG_WARN_QUOTED_INCLUDE_IN_FRAMEWORK_HEADER = YES;
				CLANG_WARN_RANGE_LOOP_ANALYSIS = YES;
				CLANG_WARN_STRICT_PROTOTYPES = YES;
				CLANG_WARN_SUSPICIOUS_MOVE = YES;
				CLANG_WARN_UNGUARDED_AVAILABILITY = YES_AGGRESSIVE;
				CLANG_WARN_UNREACHABLE_CODE = YES;
				CLANG_WARN__DUPLICATE_METHOD_MATCH = YES;
				COPY_PHASE_STRIP = NO;
				DEBUG_INFORMATION_FORMAT = "dwarf-with-dsym";
				ENABLE_NS_ASSERTIONS = NO;
				ENABLE_STRICT_OBJC_MSGSEND = YES;
				GCC_C_LANGUAGE_STANDARD = gnu11;
				GCC_NO_COMMON_BLOCKS = YES;
				GCC_WARN_64_TO_32_BIT_CONVERSION = YES;
				GCC_WARN_ABOUT_RETURN_TYPE = YES_ERROR;
				GCC_WARN_UNDECLARED_SELECTOR = YES;
				GCC_WARN_UNINITIALIZED_AUTOS = YES_AGGRESSIVE;
				GCC_WARN_UNUSED_FUNCTION = YES;
				GCC_WARN_UNUSED_VARIABLE = YES;
				IPHONEOS_DEPLOYMENT_TARGET = 15.5;
				MTL_ENABLE_DEBUG_INFO = NO;
				MTL_FAST_MATH = YES;
				SDKROOT = iphoneos;
				SWIFT_COMPILATION_MODE = wholemodule;
				SWIFT_OPTIMIZATION_LEVEL = "-O";
				VALIDATE_PRODUCT = YES;
			};
			name = Release;
		};
		61E3F5D52846F12100A3E63E /* Debug */ = {
			isa = XCBuildConfiguration;
			buildSettings = {
				ASSETCATALOG_COMPILER_APPICON_NAME = AppIcon;
				ASSETCATALOG_COMPILER_GLOBAL_ACCENT_COLOR_NAME = AccentColor;
				CODE_SIGN_STYLE = Automatic;
				CURRENT_PROJECT_VERSION = 1;
				DEVELOPMENT_TEAM = C3X5LUYPC4;
				GENERATE_INFOPLIST_FILE = YES;
				INFOPLIST_FILE = EventApp/Info.plist;
				INFOPLIST_KEY_UIApplicationSupportsIndirectInputEvents = YES;
				INFOPLIST_KEY_UILaunchStoryboardName = LaunchScreen;
				INFOPLIST_KEY_UIMainStoryboardFile = Main;
				INFOPLIST_KEY_UISupportedInterfaceOrientations_iPad = "UIInterfaceOrientationPortrait UIInterfaceOrientationPortraitUpsideDown UIInterfaceOrientationLandscapeLeft UIInterfaceOrientationLandscapeRight";
				INFOPLIST_KEY_UISupportedInterfaceOrientations_iPhone = "UIInterfaceOrientationPortrait UIInterfaceOrientationLandscapeLeft UIInterfaceOrientationLandscapeRight";
				LD_RUNPATH_SEARCH_PATHS = (
					"$(inherited)",
					"@executable_path/Frameworks",
				);
				MARKETING_VERSION = 1.0;
				PRODUCT_BUNDLE_IDENTIFIER = br.com.fabriciopujol.EventApp;
				PRODUCT_NAME = "$(TARGET_NAME)";
				SWIFT_EMIT_LOC_STRINGS = YES;
				SWIFT_VERSION = 5.0;
				TARGETED_DEVICE_FAMILY = "1,2";
			};
			name = Debug;
		};
		61E3F5D62846F12100A3E63E /* Release */ = {
			isa = XCBuildConfiguration;
			buildSettings = {
				ASSETCATALOG_COMPILER_APPICON_NAME = AppIcon;
				ASSETCATALOG_COMPILER_GLOBAL_ACCENT_COLOR_NAME = AccentColor;
				CODE_SIGN_STYLE = Automatic;
				CURRENT_PROJECT_VERSION = 1;
				DEVELOPMENT_TEAM = C3X5LUYPC4;
				GENERATE_INFOPLIST_FILE = YES;
				INFOPLIST_FILE = EventApp/Info.plist;
				INFOPLIST_KEY_UIApplicationSupportsIndirectInputEvents = YES;
				INFOPLIST_KEY_UILaunchStoryboardName = LaunchScreen;
				INFOPLIST_KEY_UIMainStoryboardFile = Main;
				INFOPLIST_KEY_UISupportedInterfaceOrientations_iPad = "UIInterfaceOrientationPortrait UIInterfaceOrientationPortraitUpsideDown UIInterfaceOrientationLandscapeLeft UIInterfaceOrientationLandscapeRight";
				INFOPLIST_KEY_UISupportedInterfaceOrientations_iPhone = "UIInterfaceOrientationPortrait UIInterfaceOrientationLandscapeLeft UIInterfaceOrientationLandscapeRight";
				LD_RUNPATH_SEARCH_PATHS = (
					"$(inherited)",
					"@executable_path/Frameworks",
				);
				MARKETING_VERSION = 1.0;
				PRODUCT_BUNDLE_IDENTIFIER = br.com.fabriciopujol.EventApp;
				PRODUCT_NAME = "$(TARGET_NAME)";
				SWIFT_EMIT_LOC_STRINGS = YES;
				SWIFT_VERSION = 5.0;
				TARGETED_DEVICE_FAMILY = "1,2";
			};
			name = Release;
		};
/* End XCBuildConfiguration section */

/* Begin XCConfigurationList section */
		61E3F5BB2846F11E00A3E63E /* Build configuration list for PBXProject "EventApp" */ = {
			isa = XCConfigurationList;
			buildConfigurations = (
				61E3F5D22846F12100A3E63E /* Debug */,
				61E3F5D32846F12100A3E63E /* Release */,
			);
			defaultConfigurationIsVisible = 0;
			defaultConfigurationName = Release;
		};
		61E3F5D42846F12100A3E63E /* Build configuration list for PBXNativeTarget "EventApp" */ = {
			isa = XCConfigurationList;
			buildConfigurations = (
				61E3F5D52846F12100A3E63E /* Debug */,
				61E3F5D62846F12100A3E63E /* Release */,
			);
			defaultConfigurationIsVisible = 0;
			defaultConfigurationName = Release;
		};
/* End XCConfigurationList section */

/* Begin XCVersionGroup section */
		61A7BD60285BB88000240D49 /* EventsApp.xcdatamodeld */ = {
			isa = XCVersionGroup;
			children = (
				61A7BD61285BB88000240D49 /* EventsApp.xcdatamodel */,
			);
			currentVersion = 61A7BD61285BB88000240D49 /* EventsApp.xcdatamodel */;
			path = EventsApp.xcdatamodeld;
			sourceTree = "<group>";
			versionGroupType = wrapper.xcdatamodel;
		};
/* End XCVersionGroup section */
	};
	rootObject = 61E3F5B82846F11E00A3E63E /* Project object */;
}
